
Microsoft Visual Studio Solution File, Format Version 12.00
# Visual Studio 2015
Project("{FAE04EC0-301F-11D3-BF4B-00C04F79EFBC}") = "UnityVS.StayAwhile.CSharp", "UnityVS.StayAwhile.CSharp.csproj", "{1259D601-FEB9-9228-8556-A177FA48AC33}"
EndProject
Global
	GlobalSection(SolutionConfigurationPlatforms) = preSolution
		Debug|Any CPU = Debug|Any CPU
		Release|Any CPU = Release|Any CPU
	EndGlobalSection
	GlobalSection(ProjectConfigurationPlatforms) = postSolution
		{1259D601-FEB9-9228-8556-A177FA48AC33}.Debug|Any CPU.ActiveCfg = Debug|Any CPU
		{1259D601-FEB9-9228-8556-A177FA48AC33}.Debug|Any CPU.Build.0 = Debug|Any CPU
		{1259D601-FEB9-9228-8556-A177FA48AC33}.Release|Any CPU.ActiveCfg = Release|Any CPU
		{1259D601-FEB9-9228-8556-A177FA48AC33}.Release|Any CPU.Build.0 = Release|Any CPU
	EndGlobalSection
	GlobalSection(SolutionProperties) = preSolution
		HideSolutionNode = FALSE
	EndGlobalSection
EndGlobal
